
Microsoft Visual Studio Solution File, Format Version 12.00
# Visual Studio Version 16
VisualStudioVersion = 16.0.30804.86
MinimumVisualStudioVersion = 10.0.40219.1
Project("{FAE04EC0-301F-11D3-BF4B-00C04F79EFBC}") = "Mvc1ValideringsLabbar", "Mvc1ValideringsLabbar\Mvc1ValideringsLabbar.csproj", "{B46835BE-684A-43E2-AD85-3894A0B91481}"
EndProject
Global
	GlobalSection(SolutionConfigurationPlatforms) = preSolution
		Debug|Any CPU = Debug|Any CPU
		Release|Any CPU = Release|Any CPU
	EndGlobalSection
	GlobalSection(ProjectConfigurationPlatforms) = postSolution
		{B46835BE-684A-43E2-AD85-3894A0B91481}.Debug|Any CPU.ActiveCfg = Debug|Any CPU
		{B46835BE-684A-43E2-AD85-3894A0B91481}.Debug|Any CPU.Build.0 = Debug|Any CPU
		{B46835BE-684A-43E2-AD85-3894A0B91481}.Release|Any CPU.ActiveCfg = Release|Any CPU
		{B46835BE-684A-43E2-AD85-3894A0B91481}.Release|Any CPU.Build.0 = Release|Any CPU
	EndGlobalSection
	GlobalSection(SolutionProperties) = preSolution
		HideSolutionNode = FALSE
	EndGlobalSection
	GlobalSection(ExtensibilityGlobals) = postSolution
		SolutionGuid = {3CE7FB82-B052-4E52-AC9D-B9F0C911150E}
	EndGlobalSection
EndGlobal
